
Microsoft Visual Studio Solution File, Format Version 12.00
# Visual Studio 2013
VisualStudioVersion = 12.0.31101.0
MinimumVisualStudioVersion = 10.0.40219.1
Project("{FAE04EC0-301F-11D3-BF4B-00C04F79EFBC}") = "ClassLibrary1", "..\ClassLibrary1\ClassLibrary1.csproj", "{210F5B98-0C14-4202-AABA-0EFDB272959F}"
EndProject
Project("{FAE04EC0-301F-11D3-BF4B-00C04F79EFBC}") = "ConsoleApplication1", "..\ConsoleApplication1\ConsoleApplication1.csproj", "{AE447241-BDEF-48E1-B500-82E6F1A3378A}"
EndProject
Project("{FAE04EC0-301F-11D3-BF4B-00C04F79EFBC}") = "ImageToKeyBoard", "..\ImageToKeyBoard\ImageToKeyBoard.csproj", "{535541F8-B13A-45D5-8390-8CFD356CF6C4}"
EndProject
Project("{FAE04EC0-301F-11D3-BF4B-00C04F79EFBC}") = "WebApplication1", "..\WebApplication1\WebApplication1.csproj", "{0C5F6AA8-2F1E-4829-89FE-C14EB2342F2C}"
EndProject
Project("{FAE04EC0-301F-11D3-BF4B-00C04F79EFBC}") = "WindowsFormsApplication1", "..\WindowsFormsApplication1\WindowsFormsApplication1.csproj", "{3F5031CD-983C-458F-9C08-91DC7E7DD076}"
EndProject
Global
	GlobalSection(SolutionConfigurationPlatforms) = preSolution
		Debug|Any CPU = Debug|Any CPU
		Release|Any CPU = Release|Any CPU
	EndGlobalSection
	GlobalSection(ProjectConfigurationPlatforms) = postSolution
		{210F5B98-0C14-4202-AABA-0EFDB272959F}.Debug|Any CPU.ActiveCfg = Debug|Any CPU
		{210F5B98-0C14-4202-AABA-0EFDB272959F}.Debug|Any CPU.Build.0 = Debug|Any CPU
		{210F5B98-0C14-4202-AABA-0EFDB272959F}.Release|Any CPU.ActiveCfg = Release|Any CPU
		{210F5B98-0C14-4202-AABA-0EFDB272959F}.Release|Any CPU.Build.0 = Release|Any CPU
		{AE447241-BDEF-48E1-B500-82E6F1A3378A}.Debug|Any CPU.ActiveCfg = Debug|Any CPU
		{AE447241-BDEF-48E1-B500-82E6F1A3378A}.Debug|Any CPU.Build.0 = Debug|Any CPU
		{AE447241-BDEF-48E1-B500-82E6F1A3378A}.Release|Any CPU.ActiveCfg = Release|Any CPU
		{AE447241-BDEF-48E1-B500-82E6F1A3378A}.Release|Any CPU.Build.0 = Release|Any CPU
		{535541F8-B13A-45D5-8390-8CFD356CF6C4}.Debug|Any CPU.ActiveCfg = Debug|Any CPU
		{535541F8-B13A-45D5-8390-8CFD356CF6C4}.Debug|Any CPU.Build.0 = Debug|Any CPU
		{535541F8-B13A-45D5-8390-8CFD356CF6C4}.Release|Any CPU.ActiveCfg = Release|Any CPU
		{535541F8-B13A-45D5-8390-8CFD356CF6C4}.Release|Any CPU.Build.0 = Release|Any CPU
		{0C5F6AA8-2F1E-4829-89FE-C14EB2342F2C}.Debug|Any CPU.ActiveCfg = Debug|Any CPU
		{0C5F6AA8-2F1E-4829-89FE-C14EB2342F2C}.Debug|Any CPU.Build.0 = Debug|Any CPU
		{0C5F6AA8-2F1E-4829-89FE-C14EB2342F2C}.Release|Any CPU.ActiveCfg = Release|Any CPU
		{0C5F6AA8-2F1E-4829-89FE-C14EB2342F2C}.Release|Any CPU.Build.0 = Release|Any CPU
		{3F5031CD-983C-458F-9C08-91DC7E7DD076}.Debug|Any CPU.ActiveCfg = Debug|Any CPU
		{3F5031CD-983C-458F-9C08-91DC7E7DD076}.Debug|Any CPU.Build.0 = Debug|Any CPU
		{3F5031CD-983C-458F-9C08-91DC7E7DD076}.Release|Any CPU.ActiveCfg = Release|Any CPU
		{3F5031CD-983C-458F-9C08-91DC7E7DD076}.Release|Any CPU.Build.0 = Release|Any CPU
	EndGlobalSection
	GlobalSection(SolutionProperties) = preSolution
		HideSolutionNode = FALSE
	EndGlobalSection
EndGlobal
